
Microsoft Visual Studio Solution File, Format Version 12.00
# Visual Studio Version 17
VisualStudioVersion = 17.8.34525.116
MinimumVisualStudioVersion = 10.0.40219.1
Project("{FAE04EC0-301F-11D3-BF4B-00C04F79EFBC}") = "WebApplication1", "WebApplication1\WebApplication1.csproj", "{C16E46E4-372B-4289-852D-780B254747FB}"
EndProject
Global
	GlobalSection(SolutionConfigurationPlatforms) = preSolution
		Debug|Any CPU = Debug|Any CPU
		Release|Any CPU = Release|Any CPU
	EndGlobalSection
	GlobalSection(ProjectConfigurationPlatforms) = postSolution
		{C16E46E4-372B-4289-852D-780B254747FB}.Debug|Any CPU.ActiveCfg = Debug|Any CPU
		{C16E46E4-372B-4289-852D-780B254747FB}.Debug|Any CPU.Build.0 = Debug|Any CPU
		{C16E46E4-372B-4289-852D-780B254747FB}.Release|Any CPU.ActiveCfg = Release|Any CPU
		{C16E46E4-372B-4289-852D-780B254747FB}.Release|Any CPU.Build.0 = Release|Any CPU
	EndGlobalSection
	GlobalSection(SolutionProperties) = preSolution
		HideSolutionNode = FALSE
	EndGlobalSection
	GlobalSection(ExtensibilityGlobals) = postSolution
		SolutionGuid = {2024B620-050E-4ADB-818B-20350A95FD7F}
	EndGlobalSection
EndGlobal
