
Microsoft Visual Studio Solution File, Format Version 12.00
# Visual Studio Version 17
VisualStudioVersion = 17.8.34525.116
MinimumVisualStudioVersion = 10.0.40219.1
Project("{FAE04EC0-301F-11D3-BF4B-00C04F79EFBC}") = "WebDay4_cli", "WebDay4_cli\WebDay4_cli.csproj", "{0C3C0B7E-E812-4ED4-A1E9-3CA9AC08EB90}"
EndProject
Global
	GlobalSection(SolutionConfigurationPlatforms) = preSolution
		Debug|Any CPU = Debug|Any CPU
		Release|Any CPU = Release|Any CPU
	EndGlobalSection
	GlobalSection(ProjectConfigurationPlatforms) = postSolution
		{0C3C0B7E-E812-4ED4-A1E9-3CA9AC08EB90}.Debug|Any CPU.ActiveCfg = Debug|Any CPU
		{0C3C0B7E-E812-4ED4-A1E9-3CA9AC08EB90}.Debug|Any CPU.Build.0 = Debug|Any CPU
		{0C3C0B7E-E812-4ED4-A1E9-3CA9AC08EB90}.Release|Any CPU.ActiveCfg = Release|Any CPU
		{0C3C0B7E-E812-4ED4-A1E9-3CA9AC08EB90}.Release|Any CPU.Build.0 = Release|Any CPU
	EndGlobalSection
	GlobalSection(SolutionProperties) = preSolution
		HideSolutionNode = FALSE
	EndGlobalSection
	GlobalSection(ExtensibilityGlobals) = postSolution
		SolutionGuid = {CE2712C6-35E7-4F4A-BC92-90653C2B039C}
	EndGlobalSection
EndGlobal
